
Microsoft Visual Studio Solution File, Format Version 12.00
# Visual Studio Version 17
VisualStudioVersion = 17.2.32516.85
MinimumVisualStudioVersion = 10.0.40219.1
Project("{FAE04EC0-301F-11D3-BF4B-00C04F79EFBC}") = "WindowsFormsApp1", "WindowsFormsApp1.csproj", "{CCE50FFE-A311-42B1-9B02-20784B7E3DFE}"
EndProject
Global
	GlobalSection(SolutionConfigurationPlatforms) = preSolution
		Debug|Any CPU = Debug|Any CPU
		Release|Any CPU = Release|Any CPU
	EndGlobalSection
	GlobalSection(ProjectConfigurationPlatforms) = postSolution
		{CCE50FFE-A311-42B1-9B02-20784B7E3DFE}.Debug|Any CPU.ActiveCfg = Debug|Any CPU
		{CCE50FFE-A311-42B1-9B02-20784B7E3DFE}.Debug|Any CPU.Build.0 = Debug|Any CPU
		{CCE50FFE-A311-42B1-9B02-20784B7E3DFE}.Release|Any CPU.ActiveCfg = Release|Any CPU
		{CCE50FFE-A311-42B1-9B02-20784B7E3DFE}.Release|Any CPU.Build.0 = Release|Any CPU
	EndGlobalSection
	GlobalSection(SolutionProperties) = preSolution
		HideSolutionNode = FALSE
	EndGlobalSection
	GlobalSection(ExtensibilityGlobals) = postSolution
		SolutionGuid = {B95F9289-9F62-4DA5-85B4-49773A0BD884}
	EndGlobalSection
EndGlobal
